
Microsoft Visual Studio Solution File, Format Version 12.00
# Visual Studio Version 17
VisualStudioVersion = 17.11.35312.102
MinimumVisualStudioVersion = 10.0.40219.1
Project("{9A19103F-16F7-4668-BE54-9A1E7A4F7556}") = "Bloggie.Web", "Bloggie.Web\Bloggie.Web.csproj", "{1D4068DF-996B-4719-A2BB-5DB2A4149C8C}"
EndProject
Project("{2150E333-8FDC-42A3-9474-1A3956D46DE8}") = "src", "src", "{E240EB72-47DD-418C-9A37-CAA442734DBD}"
EndProject
Project("{2150E333-8FDC-42A3-9474-1A3956D46DE8}") = "Application", "Application", "{B5841D43-3BA3-42A0-AA4D-6D995A237B39}"
EndProject
Project("{2150E333-8FDC-42A3-9474-1A3956D46DE8}") = "Domain", "Domain", "{CBA2D636-BCC6-4C9A-B04A-74B9B26C3881}"
EndProject
Project("{2150E333-8FDC-42A3-9474-1A3956D46DE8}") = "Infrastructure", "Infrastructure", "{FB27D2A4-A980-4D33-91FA-2461045CFC34}"
EndProject
Project("{2150E333-8FDC-42A3-9474-1A3956D46DE8}") = "Web", "Web", "{9B5827AC-987C-42F5-ACDC-A233B40E14A0}"
EndProject
Project("{FAE04EC0-301F-11D3-BF4B-00C04F79EFBC}") = "Blogger.Application", "Blogger.Application\Blogger.Application.csproj", "{3F05D671-5925-42EA-BEC5-4C5DF48CF67B}"
EndProject
Project("{FAE04EC0-301F-11D3-BF4B-00C04F79EFBC}") = "Blogger.Domain", "Blogger.Domain\Blogger.Domain.csproj", "{7A6801D1-650F-4C43-9783-1044AD4C1384}"
EndProject
Project("{FAE04EC0-301F-11D3-BF4B-00C04F79EFBC}") = "Blogger.Infrastructure", "Blogger.Infrastructure\Blogger.Infrastructure.csproj", "{DB8B3939-2319-43CC-9D38-A3099DD77A51}"
EndProject
Project("{FAE04EC0-301F-11D3-BF4B-00C04F79EFBC}") = "Blogger.Web", "Blogger.Web\Blogger.Web.csproj", "{3FA133A8-2007-4788-9265-A264E53FF3AC}"
EndProject
Global
	GlobalSection(SolutionConfigurationPlatforms) = preSolution
		Debug|Any CPU = Debug|Any CPU
		Release|Any CPU = Release|Any CPU
	EndGlobalSection
	GlobalSection(ProjectConfigurationPlatforms) = postSolution
		{1D4068DF-996B-4719-A2BB-5DB2A4149C8C}.Debug|Any CPU.ActiveCfg = Debug|Any CPU
		{1D4068DF-996B-4719-A2BB-5DB2A4149C8C}.Debug|Any CPU.Build.0 = Debug|Any CPU
		{1D4068DF-996B-4719-A2BB-5DB2A4149C8C}.Release|Any CPU.ActiveCfg = Release|Any CPU
		{1D4068DF-996B-4719-A2BB-5DB2A4149C8C}.Release|Any CPU.Build.0 = Release|Any CPU
		{3F05D671-5925-42EA-BEC5-4C5DF48CF67B}.Debug|Any CPU.ActiveCfg = Debug|Any CPU
		{3F05D671-5925-42EA-BEC5-4C5DF48CF67B}.Debug|Any CPU.Build.0 = Debug|Any CPU
		{3F05D671-5925-42EA-BEC5-4C5DF48CF67B}.Release|Any CPU.ActiveCfg = Release|Any CPU
		{3F05D671-5925-42EA-BEC5-4C5DF48CF67B}.Release|Any CPU.Build.0 = Release|Any CPU
		{7A6801D1-650F-4C43-9783-1044AD4C1384}.Debug|Any CPU.ActiveCfg = Debug|Any CPU
		{7A6801D1-650F-4C43-9783-1044AD4C1384}.Debug|Any CPU.Build.0 = Debug|Any CPU
		{7A6801D1-650F-4C43-9783-1044AD4C1384}.Release|Any CPU.ActiveCfg = Release|Any CPU
		{7A6801D1-650F-4C43-9783-1044AD4C1384}.Release|Any CPU.Build.0 = Release|Any CPU
		{DB8B3939-2319-43CC-9D38-A3099DD77A51}.Debug|Any CPU.ActiveCfg = Debug|Any CPU
		{DB8B3939-2319-43CC-9D38-A3099DD77A51}.Debug|Any CPU.Build.0 = Debug|Any CPU
		{DB8B3939-2319-43CC-9D38-A3099DD77A51}.Release|Any CPU.ActiveCfg = Release|Any CPU
		{DB8B3939-2319-43CC-9D38-A3099DD77A51}.Release|Any CPU.Build.0 = Release|Any CPU
		{3FA133A8-2007-4788-9265-A264E53FF3AC}.Debug|Any CPU.ActiveCfg = Debug|Any CPU
		{3FA133A8-2007-4788-9265-A264E53FF3AC}.Debug|Any CPU.Build.0 = Debug|Any CPU
		{3FA133A8-2007-4788-9265-A264E53FF3AC}.Release|Any CPU.ActiveCfg = Release|Any CPU
		{3FA133A8-2007-4788-9265-A264E53FF3AC}.Release|Any CPU.Build.0 = Release|Any CPU
	EndGlobalSection
	GlobalSection(SolutionProperties) = preSolution
		HideSolutionNode = FALSE
	EndGlobalSection
	GlobalSection(NestedProjects) = preSolution
		{B5841D43-3BA3-42A0-AA4D-6D995A237B39} = {E240EB72-47DD-418C-9A37-CAA442734DBD}
		{CBA2D636-BCC6-4C9A-B04A-74B9B26C3881} = {E240EB72-47DD-418C-9A37-CAA442734DBD}
		{FB27D2A4-A980-4D33-91FA-2461045CFC34} = {E240EB72-47DD-418C-9A37-CAA442734DBD}
		{9B5827AC-987C-42F5-ACDC-A233B40E14A0} = {E240EB72-47DD-418C-9A37-CAA442734DBD}
		{3F05D671-5925-42EA-BEC5-4C5DF48CF67B} = {B5841D43-3BA3-42A0-AA4D-6D995A237B39}
		{7A6801D1-650F-4C43-9783-1044AD4C1384} = {CBA2D636-BCC6-4C9A-B04A-74B9B26C3881}
		{DB8B3939-2319-43CC-9D38-A3099DD77A51} = {FB27D2A4-A980-4D33-91FA-2461045CFC34}
		{3FA133A8-2007-4788-9265-A264E53FF3AC} = {9B5827AC-987C-42F5-ACDC-A233B40E14A0}
	EndGlobalSection
	GlobalSection(ExtensibilityGlobals) = postSolution
		SolutionGuid = {2E52FD7E-7DBB-444B-AD08-71F9585287F9}
	EndGlobalSection
EndGlobal
